
Microsoft Visual Studio Solution File, Format Version 12.00
# Visual Studio Version 17
VisualStudioVersion = 17.14.36518.9 d17.14
MinimumVisualStudioVersion = 10.0.40219.1
Project("{888888A0-9F3D-457C-B088-3A5042F75D52}") = "CopyFilesByYear", "CopyFilesByYear.pyproj", "{4902E86B-1045-41A0-9DAF-58E2C38ACAE6}"
EndProject
Global
	GlobalSection(SolutionConfigurationPlatforms) = preSolution
		Debug|Any CPU = Debug|Any CPU
		Release|Any CPU = Release|Any CPU
	EndGlobalSection
	GlobalSection(ProjectConfigurationPlatforms) = postSolution
		{4902E86B-1045-41A0-9DAF-58E2C38ACAE6}.Debug|Any CPU.ActiveCfg = Debug|Any CPU
		{4902E86B-1045-41A0-9DAF-58E2C38ACAE6}.Release|Any CPU.ActiveCfg = Release|Any CPU
	EndGlobalSection
	GlobalSection(SolutionProperties) = preSolution
		HideSolutionNode = FALSE
	EndGlobalSection
	GlobalSection(ExtensibilityGlobals) = postSolution
		SolutionGuid = {CEE62512-E73A-48E2-BF23-1EF1DF1E7EFE}
	EndGlobalSection
EndGlobal
